{
  "name": "frontend",
  "lockfileVersion": 3,
  "packages": {
    "": {
      "name": "frontend",
      "dependencies": {
        "vue": "^3.5.0",
        "@nuxt/ui": "^4.0.0"
      },
      "devDependencies": {
        "vite": "^8.0.0"
      }
    },
    "node_modules/vue": {
      "version": "3.5.38",
      "license": "MIT"
    },
    "node_modules/@nuxt/ui": {
      "version": "4.10.0",
      "license": "MIT"
    },
    "node_modules/@nuxt/ui/node_modules/foo|bar": {
      "version": "1.2.3",
      "license": "ISC"
    },
    "node_modules/vite": {
      "version": "8.0.16",
      "dev": true,
      "license": "MIT"
    },
    "node_modules/skip-link": {
      "link": true
    },
    "node_modules/licensed-obj": {
      "version": "0.1.0",
      "license": { "type": "Apache-2.0", "url": "https://example" }
    }
  }
}
